
Microsoft Visual Studio Solution File, Format Version 12.00
# Visual Studio 15
VisualStudioVersion = 15.0.26228.4
MinimumVisualStudioVersion = 10.0.40219.1
Project("{FAE04EC0-301F-11D3-BF4B-00C04F79EFBC}") = "ProjectManagement", "ProjectManagement\ProjectManagement.csproj", "{7A6949CD-CB71-4305-9F5D-14241FD6380A}"
EndProject
Project("{FAE04EC0-301F-11D3-BF4B-00C04F79EFBC}") = "ProjectManagement.Tests", "ProjectManagement.Tests\ProjectManagement.Tests.csproj", "{2B1A4BA2-DED1-43B1-A7AF-CD3946A03DC6}"
EndProject
Global
	GlobalSection(SolutionConfigurationPlatforms) = preSolution
		Debug|Any CPU = Debug|Any CPU
		Release|Any CPU = Release|Any CPU
	EndGlobalSection
	GlobalSection(ProjectConfigurationPlatforms) = postSolution
		{7A6949CD-CB71-4305-9F5D-14241FD6380A}.Debug|Any CPU.ActiveCfg = Debug|Any CPU
		{7A6949CD-CB71-4305-9F5D-14241FD6380A}.Debug|Any CPU.Build.0 = Debug|Any CPU
		{7A6949CD-CB71-4305-9F5D-14241FD6380A}.Release|Any CPU.ActiveCfg = Release|Any CPU
		{7A6949CD-CB71-4305-9F5D-14241FD6380A}.Release|Any CPU.Build.0 = Release|Any CPU
		{2B1A4BA2-DED1-43B1-A7AF-CD3946A03DC6}.Debug|Any CPU.ActiveCfg = Debug|Any CPU
		{2B1A4BA2-DED1-43B1-A7AF-CD3946A03DC6}.Debug|Any CPU.Build.0 = Debug|Any CPU
		{2B1A4BA2-DED1-43B1-A7AF-CD3946A03DC6}.Release|Any CPU.ActiveCfg = Release|Any CPU
		{2B1A4BA2-DED1-43B1-A7AF-CD3946A03DC6}.Release|Any CPU.Build.0 = Release|Any CPU
	EndGlobalSection
	GlobalSection(SolutionProperties) = preSolution
		HideSolutionNode = FALSE
	EndGlobalSection
EndGlobal
